
Microsoft Visual Studio Solution File, Format Version 12.00
# Visual Studio Version 17
VisualStudioVersion = 17.7.34031.279
MinimumVisualStudioVersion = 10.0.40219.1
Project("{888888A0-9F3D-457C-B088-3A5042F75D52}") = "global_test_1", "global_test_1.pyproj", "{44C5DAE1-285E-4D44-AAE6-B3FB003D511B}"
EndProject
Global
	GlobalSection(SolutionConfigurationPlatforms) = preSolution
		Debug|Any CPU = Debug|Any CPU
		Release|Any CPU = Release|Any CPU
	EndGlobalSection
	GlobalSection(ProjectConfigurationPlatforms) = postSolution
		{44C5DAE1-285E-4D44-AAE6-B3FB003D511B}.Debug|Any CPU.ActiveCfg = Debug|Any CPU
		{44C5DAE1-285E-4D44-AAE6-B3FB003D511B}.Release|Any CPU.ActiveCfg = Release|Any CPU
	EndGlobalSection
	GlobalSection(SolutionProperties) = preSolution
		HideSolutionNode = FALSE
	EndGlobalSection
	GlobalSection(ExtensibilityGlobals) = postSolution
		SolutionGuid = {DEB9EB05-A041-4322-892F-572957C949D8}
	EndGlobalSection
EndGlobal
