
Microsoft Visual Studio Solution File, Format Version 12.00
# Visual Studio Version 17
VisualStudioVersion = 17.6.33829.357
MinimumVisualStudioVersion = 10.0.40219.1
Project("{888888A0-9F3D-457C-B088-3A5042F75D52}") = "hw_4", "hw_4.pyproj", "{C7D58DEE-EAEB-413F-82B0-A42CBC6A3F5C}"
EndProject
Global
	GlobalSection(SolutionConfigurationPlatforms) = preSolution
		Debug|Any CPU = Debug|Any CPU
		Release|Any CPU = Release|Any CPU
	EndGlobalSection
	GlobalSection(ProjectConfigurationPlatforms) = postSolution
		{C7D58DEE-EAEB-413F-82B0-A42CBC6A3F5C}.Debug|Any CPU.ActiveCfg = Debug|Any CPU
		{C7D58DEE-EAEB-413F-82B0-A42CBC6A3F5C}.Release|Any CPU.ActiveCfg = Release|Any CPU
	EndGlobalSection
	GlobalSection(SolutionProperties) = preSolution
		HideSolutionNode = FALSE
	EndGlobalSection
	GlobalSection(ExtensibilityGlobals) = postSolution
		SolutionGuid = {7E765057-8F62-4D53-8BED-7DAF1AF48B60}
	EndGlobalSection
EndGlobal
